{
  "name": "Front-GabioBank",
  "lockfileVersion": 3,
  "requires": true,
  "packages": {
    "": {
      "dependencies": {
        "dependences": "^0.0.1-security"
      }
    },
    "node_modules/dependences": {
      "version": "0.0.1-security",
      "resolved": "https://registry.npmjs.org/dependences/-/dependences-0.0.1-security.tgz",
      "integrity": "sha512-sfbyj+9/1JAZJZSHEBbGchyoPwhMzJLw2By3nHoqzqIjVfgnR+7oaZgu2zJFciqTpA/STX02Q3xIwWUjHgq6mA=="
    }
  }
}
